
Microsoft Visual Studio Solution File, Format Version 12.00
# Visual Studio Version 16
VisualStudioVersion = 16.0.32106.194
MinimumVisualStudioVersion = 10.0.40219.1
Project("{9A19103F-16F7-4668-BE54-9A1E7A4F7556}") = "ObjectsCommon", "ObjectsCommon\ObjectsCommon.csproj", "{80191CBE-4973-4F4A-B72C-C2292DFD9A30}"
EndProject
Project("{9A19103F-16F7-4668-BE54-9A1E7A4F7556}") = "Manager", "Manager\Manager.csproj", "{E6700B45-A132-457D-900E-23748C81698B}"
EndProject
Project("{9A19103F-16F7-4668-BE54-9A1E7A4F7556}") = "DAL", "Library.DAL\DAL.csproj", "{DB80C709-BEDF-4A04-8CC0-C87B97216A15}"
EndProject
Project("{9A19103F-16F7-4668-BE54-9A1E7A4F7556}") = "Helpers", "Helpers\Helpers.csproj", "{12B60846-C28E-4618-8A6E-DF5906E74C82}"
EndProject
Project("{9A19103F-16F7-4668-BE54-9A1E7A4F7556}") = "API", "API\API.csproj", "{AE4AFC97-2DE9-49D1-9FBD-030DCA9D4453}"
EndProject
Project("{E53339B2-1760-4266-BCC7-CA923CBCF16C}") = "docker-compose", "docker-compose.dcproj", "{EEFA0396-262F-49E3-930E-2967DF4E79DB}"
EndProject
Global
	GlobalSection(SolutionConfigurationPlatforms) = preSolution
		Debug|Any CPU = Debug|Any CPU
		Release|Any CPU = Release|Any CPU
	EndGlobalSection
	GlobalSection(ProjectConfigurationPlatforms) = postSolution
		{80191CBE-4973-4F4A-B72C-C2292DFD9A30}.Debug|Any CPU.ActiveCfg = Debug|Any CPU
		{80191CBE-4973-4F4A-B72C-C2292DFD9A30}.Debug|Any CPU.Build.0 = Debug|Any CPU
		{80191CBE-4973-4F4A-B72C-C2292DFD9A30}.Release|Any CPU.ActiveCfg = Release|Any CPU
		{80191CBE-4973-4F4A-B72C-C2292DFD9A30}.Release|Any CPU.Build.0 = Release|Any CPU
		{E6700B45-A132-457D-900E-23748C81698B}.Debug|Any CPU.ActiveCfg = Debug|Any CPU
		{E6700B45-A132-457D-900E-23748C81698B}.Debug|Any CPU.Build.0 = Debug|Any CPU
		{E6700B45-A132-457D-900E-23748C81698B}.Release|Any CPU.ActiveCfg = Release|Any CPU
		{E6700B45-A132-457D-900E-23748C81698B}.Release|Any CPU.Build.0 = Release|Any CPU
		{DB80C709-BEDF-4A04-8CC0-C87B97216A15}.Debug|Any CPU.ActiveCfg = Debug|Any CPU
		{DB80C709-BEDF-4A04-8CC0-C87B97216A15}.Debug|Any CPU.Build.0 = Debug|Any CPU
		{DB80C709-BEDF-4A04-8CC0-C87B97216A15}.Release|Any CPU.ActiveCfg = Release|Any CPU
		{DB80C709-BEDF-4A04-8CC0-C87B97216A15}.Release|Any CPU.Build.0 = Release|Any CPU
		{12B60846-C28E-4618-8A6E-DF5906E74C82}.Debug|Any CPU.ActiveCfg = Debug|Any CPU
		{12B60846-C28E-4618-8A6E-DF5906E74C82}.Debug|Any CPU.Build.0 = Debug|Any CPU
		{12B60846-C28E-4618-8A6E-DF5906E74C82}.Release|Any CPU.ActiveCfg = Release|Any CPU
		{12B60846-C28E-4618-8A6E-DF5906E74C82}.Release|Any CPU.Build.0 = Release|Any CPU
		{AE4AFC97-2DE9-49D1-9FBD-030DCA9D4453}.Debug|Any CPU.ActiveCfg = Debug|Any CPU
		{AE4AFC97-2DE9-49D1-9FBD-030DCA9D4453}.Debug|Any CPU.Build.0 = Debug|Any CPU
		{AE4AFC97-2DE9-49D1-9FBD-030DCA9D4453}.Release|Any CPU.ActiveCfg = Release|Any CPU
		{AE4AFC97-2DE9-49D1-9FBD-030DCA9D4453}.Release|Any CPU.Build.0 = Release|Any CPU
		{EEFA0396-262F-49E3-930E-2967DF4E79DB}.Debug|Any CPU.ActiveCfg = Debug|Any CPU
		{EEFA0396-262F-49E3-930E-2967DF4E79DB}.Debug|Any CPU.Build.0 = Debug|Any CPU
		{EEFA0396-262F-49E3-930E-2967DF4E79DB}.Release|Any CPU.ActiveCfg = Release|Any CPU
		{EEFA0396-262F-49E3-930E-2967DF4E79DB}.Release|Any CPU.Build.0 = Release|Any CPU
	EndGlobalSection
	GlobalSection(SolutionProperties) = preSolution
		HideSolutionNode = FALSE
	EndGlobalSection
	GlobalSection(ExtensibilityGlobals) = postSolution
		SolutionGuid = {C88FE37C-8E68-475C-B4F8-82DC9C26F9EA}
	EndGlobalSection
EndGlobal
